
Microsoft Visual Studio Solution File, Format Version 12.00
# Visual Studio Version 17
VisualStudioVersion = 17.8.34408.163
MinimumVisualStudioVersion = 10.0.40219.1
Project("{FAE04EC0-301F-11D3-BF4B-00C04F79EFBC}") = "CSGOMultiHack", "CSGOMultiHack.csproj", "{B04D63EC-2FBD-4B6E-8088-A860EB97696C}"
EndProject
Global
	GlobalSection(SolutionConfigurationPlatforms) = preSolution
		Debug|Any CPU = Debug|Any CPU
		Release|Any CPU = Release|Any CPU
	EndGlobalSection
	GlobalSection(ProjectConfigurationPlatforms) = postSolution
		{B04D63EC-2FBD-4B6E-8088-A860EB97696C}.Debug|Any CPU.ActiveCfg = Debug|Any CPU
		{B04D63EC-2FBD-4B6E-8088-A860EB97696C}.Debug|Any CPU.Build.0 = Debug|Any CPU
		{B04D63EC-2FBD-4B6E-8088-A860EB97696C}.Release|Any CPU.ActiveCfg = Release|Any CPU
		{B04D63EC-2FBD-4B6E-8088-A860EB97696C}.Release|Any CPU.Build.0 = Release|Any CPU
	EndGlobalSection
	GlobalSection(SolutionProperties) = preSolution
		HideSolutionNode = FALSE
	EndGlobalSection
	GlobalSection(ExtensibilityGlobals) = postSolution
		SolutionGuid = {E5BCD1B1-3CB2-4382-9354-A1B4A05C01DE}
	EndGlobalSection
EndGlobal
